// !$*UTF8*$!
{
	archiveVersion = 1;
	classes = {
	};
	objectVersion = 46;
	objects = {

/* Begin PBXBuildFile section */
		076C51BF1C76CD5C00AC7AA0 /* Opee.framework in Frameworks */ = {isa = PBXBuildFile; fileRef = 076C51BE1C76CD5C00AC7AA0 /* Opee.framework */; };
		076C51C11C76CD7100AC7AA0 /* PreviewNoSidebar.m in Sources */ = {isa = PBXBuildFile; fileRef = 076C51C01C76CD7100AC7AA0 /* PreviewNoSidebar.m */; };
/* End PBXBuildFile section */

/* Begin PBXFileReference section */
		076C51B51C76CCC100AC7AA0 /* PreviewNoSidebar.bundle */ = {isa = PBXFileReference; explicitFileType = wrapper.cfbundle; includeInIndex = 0; path = PreviewNoSidebar.bundle; sourceTree = BUILT_PRODUCTS_DIR; };
		076C51B81C76CCC100AC7AA0 /* Info.plist */ = {isa = PBXFileReference; lastKnownFileType = text.plist.xml; path = Info.plist; sourceTree = "<group>"; };
		076C51BE1C76CD5C00AC7AA0 /* Opee.framework */ = {isa = PBXFileReference; lastKnownFileType = wrapper.framework; name = Opee.framework; path = ../../../Library/Frameworks/Opee.framework; sourceTree = "<group>"; };
		076C51C01C76CD7100AC7AA0 /* PreviewNoSidebar.m */ = {isa = PBXFileReference; fileEncoding = 4; lastKnownFileType = sourcecode.c.objc; path = PreviewNoSidebar.m; sourceTree = "<group>"; };
/* End PBXFileReference section */

/* Begin PBXFrameworksBuildPhase section */
		076C51B21C76CCC100AC7AA0 /* Frameworks */ = {
			isa = PBXFrameworksBuildPhase;
			buildActionMask = 2147483647;
			files = (
				076C51BF1C76CD5C00AC7AA0 /* Opee.framework in Frameworks */,
			);
			runOnlyForDeploymentPostprocessing = 0;
		};
/* End PBXFrameworksBuildPhase section */

/* Begin PBXGroup section */
		076C51AC1C76CCC100AC7AA0 = {
			isa = PBXGroup;
			children = (
				076C51BE1C76CD5C00AC7AA0 /* Opee.framework */,
				076C51B71C76CCC100AC7AA0 /* PreviewNoSidebar */,
				076C51B61C76CCC100AC7AA0 /* Products */,
			);
			sourceTree = "<group>";
		};
		076C51B61C76CCC100AC7AA0 /* Products */ = {
			isa = PBXGroup;
			children = (
				076C51B51C76CCC100AC7AA0 /* PreviewNoSidebar.bundle */,
			);
			name = Products;
			sourceTree = "<group>";
		};
		076C51B71C76CCC100AC7AA0 /* PreviewNoSidebar */ = {
			isa = PBXGroup;
			children = (
				076C51B81C76CCC100AC7AA0 /* Info.plist */,
				076C51C01C76CD7100AC7AA0 /* PreviewNoSidebar.m */,
			);
			path = PreviewNoSidebar;
			sourceTree = "<group>";
		};
/* End PBXGroup section */

/* Begin PBXNativeTarget section */
		076C51B41C76CCC100AC7AA0 /* PreviewNoSidebar */ = {
			isa = PBXNativeTarget;
			buildConfigurationList = 076C51BB1C76CCC100AC7AA0 /* Build configuration list for PBXNativeTarget "PreviewNoSidebar" */;
			buildPhases = (
				076C51B11C76CCC100AC7AA0 /* Sources */,
				076C51B21C76CCC100AC7AA0 /* Frameworks */,
				076C51B31C76CCC100AC7AA0 /* Resources */,
			);
			buildRules = (
			);
			dependencies = (
			);
			name = PreviewNoSidebar;
			productName = PreviewNoSidebar;
			productReference = 076C51B51C76CCC100AC7AA0 /* PreviewNoSidebar.bundle */;
			productType = "com.apple.product-type.bundle";
		};
/* End PBXNativeTarget section */

/* Begin PBXProject section */
		076C51AD1C76CCC100AC7AA0 /* Project object */ = {
			isa = PBXProject;
			attributes = {
				LastUpgradeCheck = 0720;
				ORGANIZATIONNAME = "Eric Lanini";
				TargetAttributes = {
					076C51B41C76CCC100AC7AA0 = {
						CreatedOnToolsVersion = 7.2;
					};
				};
			};
			buildConfigurationList = 076C51B01C76CCC100AC7AA0 /* Build configuration list for PBXProject "PreviewNoSidebar" */;
			compatibilityVersion = "Xcode 3.2";
			developmentRegion = English;
			hasScannedForEncodings = 0;
			knownRegions = (
				en,
			);
			mainGroup = 076C51AC1C76CCC100AC7AA0;
			productRefGroup = 076C51B61C76CCC100AC7AA0 /* Products */;
			projectDirPath = "";
			projectRoot = "";
			targets = (
				076C51B41C76CCC100AC7AA0 /* PreviewNoSidebar */,
			);
		};
/* End PBXProject section */

/* Begin PBXResourcesBuildPhase section */
		076C51B31C76CCC100AC7AA0 /* Resources */ = {
			isa = PBXResourcesBuildPhase;
			buildActionMask = 2147483647;
			files = (
			);
			runOnlyForDeploymentPostprocessing = 0;
		};
/* End PBXResourcesBuildPhase section */

/* Begin PBXSourcesBuildPhase section */
		076C51B11C76CCC100AC7AA0 /* Sources */ = {
			isa = PBXSourcesBuildPhase;
			buildActionMask = 2147483647;
			files = (
				076C51C11C76CD7100AC7AA0 /* PreviewNoSidebar.m in Sources */,
			);
			runOnlyForDeploymentPostprocessing = 0;
		};
/* End PBXSourcesBuildPhase section */

/* Begin XCBuildConfiguration section */
		076C51B91C76CCC100AC7AA0 /* Debug */ = {
			isa = XCBuildConfiguration;
			buildSettings = {
				ALWAYS_SEARCH_USER_PATHS = NO;
				CLANG_CXX_LANGUAGE_STANDARD = "gnu++0x";
				CLANG_CXX_LIBRARY = "libc++";
				CLANG_ENABLE_MODULES = YES;
				CLANG_ENABLE_OBJC_ARC = YES;
				CLANG_WARN_BOOL_CONVERSION = YES;
				CLANG_WARN_CONSTANT_CONVERSION = YES;
				CLANG_WARN_DIRECT_OBJC_ISA_USAGE = YES_ERROR;
				CLANG_WARN_EMPTY_BODY = YES;
				CLANG_WARN_ENUM_CONVERSION = YES;
				CLANG_WARN_INT_CONVERSION = YES;
				CLANG_WARN_OBJC_ROOT_CLASS = YES_ERROR;
				CLANG_WARN_UNREACHABLE_CODE = YES;
				CLANG_WARN__DUPLICATE_METHOD_MATCH = YES;
				CODE_SIGN_IDENTITY = "-";
				COPY_PHASE_STRIP = NO;
				DEBUG_INFORMATION_FORMAT = dwarf;
				ENABLE_STRICT_OBJC_MSGSEND = YES;
				ENABLE_TESTABILITY = YES;
				GCC_C_LANGUAGE_STANDARD = gnu99;
				GCC_DYNAMIC_NO_PIC = NO;
				GCC_NO_COMMON_BLOCKS = YES;
				GCC_OPTIMIZATION_LEVEL = 0;
				GCC_PREPROCESSOR_DEFINITIONS = (
					"DEBUG=1",
					"$(inherited)",
				);
				GCC_WARN_64_TO_32_BIT_CONVERSION = YES;
				GCC_WARN_ABOUT_RETURN_TYPE = YES_ERROR;
				GCC_WARN_UNDECLARED_SELECTOR = YES;
				GCC_WARN_UNINITIALIZED_AUTOS = YES_AGGRESSIVE;
				GCC_WARN_UNUSED_FUNCTION = YES;
				GCC_WARN_UNUSED_VARIABLE = YES;
				MACOSX_DEPLOYMENT_TARGET = 10.11;
				MTL_ENABLE_DEBUG_INFO = YES;
				ONLY_ACTIVE_ARCH = YES;
				SDKROOT = macosx;
			};
			name = Debug;
		};
		076C51BA1C76CCC100AC7AA0 /* Release */ = {
			isa = XCBuildConfiguration;
			buildSettings = {
				ALWAYS_SEARCH_USER_PATHS = NO;
				CLANG_CXX_LANGUAGE_STANDARD = "gnu++0x";
				CLANG_CXX_LIBRARY = "libc++";
				CLANG_ENABLE_MODULES = YES;
				CLANG_ENABLE_OBJC_ARC = YES;
				CLANG_WARN_BOOL_CONVERSION = YES;
				CLANG_WARN_CONSTANT_CONVERSION = YES;
				CLANG_WARN_DIRECT_OBJC_ISA_USAGE = YES_ERROR;
				CLANG_WARN_EMPTY_BODY = YES;
				CLANG_WARN_ENUM_CONVERSION = YES;
				CLANG_WARN_INT_CONVERSION = YES;
				CLANG_WARN_OBJC_ROOT_CLASS = YES_ERROR;
				CLANG_WARN_UNREACHABLE_CODE = YES;
				CLANG_WARN__DUPLICATE_METHOD_MATCH = YES;
				CODE_SIGN_IDENTITY = "-";
				COPY_PHASE_STRIP = NO;
				DEBUG_INFORMATION_FORMAT = "dwarf-with-dsym";
				ENABLE_NS_ASSERTIONS = NO;
				ENABLE_STRICT_OBJC_MSGSEND = YES;
				GCC_C_LANGUAGE_STANDARD = gnu99;
				GCC_NO_COMMON_BLOCKS = YES;
				GCC_WARN_64_TO_32_BIT_CONVERSION = YES;
				GCC_WARN_ABOUT_RETURN_TYPE = YES_ERROR;
				GCC_WARN_UNDECLARED_SELECTOR = YES;
				GCC_WARN_UNINITIALIZED_AUTOS = YES_AGGRESSIVE;
				GCC_WARN_UNUSED_FUNCTION = YES;
				GCC_WARN_UNUSED_VARIABLE = YES;
				MACOSX_DEPLOYMENT_TARGET = 10.11;
				MTL_ENABLE_DEBUG_INFO = NO;
				SDKROOT = macosx;
			};
			name = Release;
		};
		076C51BC1C76CCC100AC7AA0 /* Debug */ = {
			isa = XCBuildConfiguration;
			buildSettings = {
				COMBINE_HIDPI_IMAGES = YES;
				FRAMEWORK_SEARCH_PATHS = (
					"$(inherited)",
					"$(LOCAL_LIBRARY_DIR)/Frameworks",
				);
				INFOPLIST_FILE = PreviewNoSidebar/Info.plist;
				INSTALL_PATH = "$(LOCAL_LIBRARY_DIR)/Opee/Extensions";
				PRODUCT_BUNDLE_IDENTIFIER = com.elanini.PreviewNoSidebar;
				PRODUCT_NAME = "$(TARGET_NAME)";
				SKIP_INSTALL = YES;
				WRAPPER_EXTENSION = bundle;
			};
			name = Debug;
		};
		076C51BD1C76CCC100AC7AA0 /* Release */ = {
			isa = XCBuildConfiguration;
			buildSettings = {
				COMBINE_HIDPI_IMAGES = YES;
				FRAMEWORK_SEARCH_PATHS = (
					"$(inherited)",
					"$(LOCAL_LIBRARY_DIR)/Frameworks",
				);
				INFOPLIST_FILE = PreviewNoSidebar/Info.plist;
				INSTALL_PATH = "$(LOCAL_LIBRARY_DIR)/Opee/Extensions";
				PRODUCT_BUNDLE_IDENTIFIER = com.elanini.PreviewNoSidebar;
				PRODUCT_NAME = "$(TARGET_NAME)";
				SKIP_INSTALL = YES;
				WRAPPER_EXTENSION = bundle;
			};
			name = Release;
		};
/* End XCBuildConfiguration section */

/* Begin XCConfigurationList section */
		076C51B01C76CCC100AC7AA0 /* Build configuration list for PBXProject "PreviewNoSidebar" */ = {
			isa = XCConfigurationList;
			buildConfigurations = (
				076C51B91C76CCC100AC7AA0 /* Debug */,
				076C51BA1C76CCC100AC7AA0 /* Release */,
			);
			defaultConfigurationIsVisible = 0;
			defaultConfigurationName = Release;
		};
		076C51BB1C76CCC100AC7AA0 /* Build configuration list for PBXNativeTarget "PreviewNoSidebar" */ = {
			isa = XCConfigurationList;
			buildConfigurations = (
				076C51BC1C76CCC100AC7AA0 /* Debug */,
				076C51BD1C76CCC100AC7AA0 /* Release */,
			);
			defaultConfigurationIsVisible = 0;
		};
/* End XCConfigurationList section */
	};
	rootObject = 076C51AD1C76CCC100AC7AA0 /* Project object */;
}
